{
  "name": "remote-working-list",
  "version": "1.0.0",
  "lockfileVersion": 1,
  "requires": true,
  "dependencies": {
    "csv-parse": {
      "version": "1.2.4",
      "resolved": "https://registry.npmjs.org/csv-parse/-/csv-parse-1.2.4.tgz",
      "integrity": "sha512-Mv4Ly6mshOHEIlnVGB/PZtDCT+vyvyCs5Qae/lLeAIlKNR4W7TkmSGmB10uPm7aJQYcTO/rswLzUcYu6wFlAYg=="
    }
  }
}
