{
  "name": "remote-working-list",
  "version": "1.0.0",
  "lockfileVersion": 1,
  "requires": true,
  "dependencies": {
    "csv-parse": {
      "version": "4.4.6",
      "resolved": "https://registry.npmjs.org/csv-parse/-/csv-parse-4.4.6.tgz",
      "integrity": "sha512-VisC5TBBhOF+70zjrF9FOiqI2LZOhXK/vAWlOrqyqz3lLa+P8jzJ7L/sg90MHmkSY/brAXWwrmGSZR0tM5yi4g=="
    }
  }
}
